
Microsoft Visual Studio Solution File, Format Version 12.00
# Visual Studio Version 17
VisualStudioVersion = 17.4.33205.214
MinimumVisualStudioVersion = 10.0.40219.1
Project("{2150E333-8FDC-42A3-9474-1A3956D46DE8}") = "src", "src", "{3CFCE486-45CB-40C0-A4E0-126D5842FFB3}"
EndProject
Project("{FAE04EC0-301F-11D3-BF4B-00C04F79EFBC}") = "Domain", "Domain\Domain.csproj", "{E508A6CE-AC75-476A-A395-4A18248EA1BF}"
EndProject
Global
	GlobalSection(SolutionConfigurationPlatforms) = preSolution
		Debug|Any CPU = Debug|Any CPU
		Release|Any CPU = Release|Any CPU
	EndGlobalSection
	GlobalSection(ProjectConfigurationPlatforms) = postSolution
		{E508A6CE-AC75-476A-A395-4A18248EA1BF}.Debug|Any CPU.ActiveCfg = Debug|Any CPU
		{E508A6CE-AC75-476A-A395-4A18248EA1BF}.Debug|Any CPU.Build.0 = Debug|Any CPU
		{E508A6CE-AC75-476A-A395-4A18248EA1BF}.Release|Any CPU.ActiveCfg = Release|Any CPU
		{E508A6CE-AC75-476A-A395-4A18248EA1BF}.Release|Any CPU.Build.0 = Release|Any CPU
	EndGlobalSection
	GlobalSection(SolutionProperties) = preSolution
		HideSolutionNode = FALSE
	EndGlobalSection
	GlobalSection(NestedProjects) = preSolution
		{E508A6CE-AC75-476A-A395-4A18248EA1BF} = {3CFCE486-45CB-40C0-A4E0-126D5842FFB3}
	EndGlobalSection
	GlobalSection(ExtensibilityGlobals) = postSolution
		SolutionGuid = {49A02EDD-F00D-4EB1-9D4E-859D3FE87691}
	EndGlobalSection
EndGlobal
